
Microsoft Visual Studio Solution File, Format Version 12.00
# Visual Studio 15
VisualStudioVersion = 15.0.28307.489
MinimumVisualStudioVersion = 10.0.40219.1
Project("{FAE04EC0-301F-11D3-BF4B-00C04F79EFBC}") = "Obligatorio2P2", "Obligatorio2P2\Obligatorio2P2.csproj", "{55C42562-E1A3-42F4-A6C6-72356D919F22}"
EndProject
Global
	GlobalSection(SolutionConfigurationPlatforms) = preSolution
		Debug|Any CPU = Debug|Any CPU
		Release|Any CPU = Release|Any CPU
	EndGlobalSection
	GlobalSection(ProjectConfigurationPlatforms) = postSolution
		{55C42562-E1A3-42F4-A6C6-72356D919F22}.Debug|Any CPU.ActiveCfg = Debug|Any CPU
		{55C42562-E1A3-42F4-A6C6-72356D919F22}.Debug|Any CPU.Build.0 = Debug|Any CPU
		{55C42562-E1A3-42F4-A6C6-72356D919F22}.Release|Any CPU.ActiveCfg = Release|Any CPU
		{55C42562-E1A3-42F4-A6C6-72356D919F22}.Release|Any CPU.Build.0 = Release|Any CPU
	EndGlobalSection
	GlobalSection(SolutionProperties) = preSolution
		HideSolutionNode = FALSE
	EndGlobalSection
	GlobalSection(ExtensibilityGlobals) = postSolution
		SolutionGuid = {E7DC4146-3C61-4C32-AC93-8C96CAB021D3}
	EndGlobalSection
EndGlobal
